
Microsoft Visual Studio Solution File, Format Version 12.00
# Visual Studio 15
Project("{FAE04EC0-301F-11D3-BF4B-00C04F79EFBC}") = "NavMeshComponentsExamples", "NavMeshComponentsExamples.csproj", "{BC2F47BA-069B-FF23-EE3E-837825468AB1}"
EndProject
Project("{FAE04EC0-301F-11D3-BF4B-00C04F79EFBC}") = "NavMeshComponents", "NavMeshComponents.csproj", "{3220F8CE-6B2E-932C-BF3A-49BBB6A6545A}"
EndProject
Project("{FAE04EC0-301F-11D3-BF4B-00C04F79EFBC}") = "Assembly-CSharp", "Assembly-CSharp.csproj", "{E8A8FF9C-719E-8DDB-AA0D-A257CD370E2C}"
EndProject
Project("{FAE04EC0-301F-11D3-BF4B-00C04F79EFBC}") = "NavMeshComponentsTestsPlaymode", "NavMeshComponentsTestsPlaymode.csproj", "{863E3296-D10B-8514-834F-EB20E1369023}"
EndProject
Project("{FAE04EC0-301F-11D3-BF4B-00C04F79EFBC}") = "NavMeshComponentsEditor", "NavMeshComponentsEditor.csproj", "{FB13AF00-7B54-455B-12CD-4DAF9EB0702F}"
EndProject
Project("{FAE04EC0-301F-11D3-BF4B-00C04F79EFBC}") = "NavMeshComponentsTestsEditmode", "NavMeshComponentsTestsEditmode.csproj", "{6D040CE8-19C0-43AF-D068-888E6CC5E9D9}"
EndProject
Project("{FAE04EC0-301F-11D3-BF4B-00C04F79EFBC}") = "NavMeshComponentsExamplesEditor", "NavMeshComponentsExamplesEditor.csproj", "{DCDCD508-C45E-9F77-7812-BF7CB0D7911F}"
EndProject
Global
	GlobalSection(SolutionConfigurationPlatforms) = preSolution
		Debug|Any CPU = Debug|Any CPU
		Release|Any CPU = Release|Any CPU
	EndGlobalSection
	GlobalSection(ProjectConfigurationPlatforms) = postSolution
		{BC2F47BA-069B-FF23-EE3E-837825468AB1}.Debug|Any CPU.ActiveCfg = Debug|Any CPU
		{BC2F47BA-069B-FF23-EE3E-837825468AB1}.Debug|Any CPU.Build.0 = Debug|Any CPU
		{BC2F47BA-069B-FF23-EE3E-837825468AB1}.Release|Any CPU.ActiveCfg = Release|Any CPU
		{BC2F47BA-069B-FF23-EE3E-837825468AB1}.Release|Any CPU.Build.0 = Release|Any CPU
		{3220F8CE-6B2E-932C-BF3A-49BBB6A6545A}.Debug|Any CPU.ActiveCfg = Debug|Any CPU
		{3220F8CE-6B2E-932C-BF3A-49BBB6A6545A}.Debug|Any CPU.Build.0 = Debug|Any CPU
		{3220F8CE-6B2E-932C-BF3A-49BBB6A6545A}.Release|Any CPU.ActiveCfg = Release|Any CPU
		{3220F8CE-6B2E-932C-BF3A-49BBB6A6545A}.Release|Any CPU.Build.0 = Release|Any CPU
		{E8A8FF9C-719E-8DDB-AA0D-A257CD370E2C}.Debug|Any CPU.ActiveCfg = Debug|Any CPU
		{E8A8FF9C-719E-8DDB-AA0D-A257CD370E2C}.Debug|Any CPU.Build.0 = Debug|Any CPU
		{E8A8FF9C-719E-8DDB-AA0D-A257CD370E2C}.Release|Any CPU.ActiveCfg = Release|Any CPU
		{E8A8FF9C-719E-8DDB-AA0D-A257CD370E2C}.Release|Any CPU.Build.0 = Release|Any CPU
		{863E3296-D10B-8514-834F-EB20E1369023}.Debug|Any CPU.ActiveCfg = Debug|Any CPU
		{863E3296-D10B-8514-834F-EB20E1369023}.Debug|Any CPU.Build.0 = Debug|Any CPU
		{863E3296-D10B-8514-834F-EB20E1369023}.Release|Any CPU.ActiveCfg = Release|Any CPU
		{863E3296-D10B-8514-834F-EB20E1369023}.Release|Any CPU.Build.0 = Release|Any CPU
		{FB13AF00-7B54-455B-12CD-4DAF9EB0702F}.Debug|Any CPU.ActiveCfg = Debug|Any CPU
		{FB13AF00-7B54-455B-12CD-4DAF9EB0702F}.Debug|Any CPU.Build.0 = Debug|Any CPU
		{FB13AF00-7B54-455B-12CD-4DAF9EB0702F}.Release|Any CPU.ActiveCfg = Release|Any CPU
		{FB13AF00-7B54-455B-12CD-4DAF9EB0702F}.Release|Any CPU.Build.0 = Release|Any CPU
		{6D040CE8-19C0-43AF-D068-888E6CC5E9D9}.Debug|Any CPU.ActiveCfg = Debug|Any CPU
		{6D040CE8-19C0-43AF-D068-888E6CC5E9D9}.Debug|Any CPU.Build.0 = Debug|Any CPU
		{6D040CE8-19C0-43AF-D068-888E6CC5E9D9}.Release|Any CPU.ActiveCfg = Release|Any CPU
		{6D040CE8-19C0-43AF-D068-888E6CC5E9D9}.Release|Any CPU.Build.0 = Release|Any CPU
		{DCDCD508-C45E-9F77-7812-BF7CB0D7911F}.Debug|Any CPU.ActiveCfg = Debug|Any CPU
		{DCDCD508-C45E-9F77-7812-BF7CB0D7911F}.Debug|Any CPU.Build.0 = Debug|Any CPU
		{DCDCD508-C45E-9F77-7812-BF7CB0D7911F}.Release|Any CPU.ActiveCfg = Release|Any CPU
		{DCDCD508-C45E-9F77-7812-BF7CB0D7911F}.Release|Any CPU.Build.0 = Release|Any CPU
	EndGlobalSection
	GlobalSection(SolutionProperties) = preSolution
		HideSolutionNode = FALSE
	EndGlobalSection
EndGlobal
